
Microsoft Visual Studio Solution File, Format Version 12.00
# Visual Studio 15
VisualStudioVersion = 15.0.27428.2005
MinimumVisualStudioVersion = 10.0.40219.1
Project("{FAE04EC0-301F-11D3-BF4B-00C04F79EFBC}") = "SammysAuto", "SammysAuto\SammysAuto.csproj", "{8E5D7B42-324C-4976-90CF-FB8040A747DE}"
EndProject
Global
	GlobalSection(SolutionConfigurationPlatforms) = preSolution
		Debug|Any CPU = Debug|Any CPU
		Release|Any CPU = Release|Any CPU
	EndGlobalSection
	GlobalSection(ProjectConfigurationPlatforms) = postSolution
		{8E5D7B42-324C-4976-90CF-FB8040A747DE}.Debug|Any CPU.ActiveCfg = Debug|Any CPU
		{8E5D7B42-324C-4976-90CF-FB8040A747DE}.Debug|Any CPU.Build.0 = Debug|Any CPU
		{8E5D7B42-324C-4976-90CF-FB8040A747DE}.Release|Any CPU.ActiveCfg = Release|Any CPU
		{8E5D7B42-324C-4976-90CF-FB8040A747DE}.Release|Any CPU.Build.0 = Release|Any CPU
	EndGlobalSection
	GlobalSection(SolutionProperties) = preSolution
		HideSolutionNode = FALSE
	EndGlobalSection
	GlobalSection(ExtensibilityGlobals) = postSolution
		SolutionGuid = {01B2EADA-0ABF-414B-8392-D96321E5E169}
	EndGlobalSection
EndGlobal
